
Microsoft Visual Studio Solution File, Format Version 12.00
# Visual Studio 2015
Project("{FAE04EC0-301F-11D3-BF4B-00C04F79EFBC}") = "project.CSharp.Plugins", "project.CSharp.Plugins.csproj", "{5690D6A3-FF1C-4E82-7EDC-1BF0F43DDFA4}"
EndProject
Project("{FAE04EC0-301F-11D3-BF4B-00C04F79EFBC}") = "project.CSharp", "project.CSharp.csproj", "{7A78D909-08AF-752B-426A-CCB9D181D871}"
EndProject
Project("{FAE04EC0-301F-11D3-BF4B-00C04F79EFBC}") = "project.CSharp.Editor", "project.CSharp.Editor.csproj", "{CD3A2B22-9B4E-EC1C-5E46-B0561C47265F}"
EndProject
Global
	GlobalSection(SolutionConfigurationPlatforms) = preSolution
		Debug|Any CPU = Debug|Any CPU
		Release|Any CPU = Release|Any CPU
	EndGlobalSection
	GlobalSection(ProjectConfigurationPlatforms) = postSolution
		{5690D6A3-FF1C-4E82-7EDC-1BF0F43DDFA4}.Debug|Any CPU.ActiveCfg = Debug|Any CPU
		{5690D6A3-FF1C-4E82-7EDC-1BF0F43DDFA4}.Debug|Any CPU.Build.0 = Debug|Any CPU
		{5690D6A3-FF1C-4E82-7EDC-1BF0F43DDFA4}.Release|Any CPU.ActiveCfg = Release|Any CPU
		{5690D6A3-FF1C-4E82-7EDC-1BF0F43DDFA4}.Release|Any CPU.Build.0 = Release|Any CPU
		{7A78D909-08AF-752B-426A-CCB9D181D871}.Debug|Any CPU.ActiveCfg = Debug|Any CPU
		{7A78D909-08AF-752B-426A-CCB9D181D871}.Debug|Any CPU.Build.0 = Debug|Any CPU
		{7A78D909-08AF-752B-426A-CCB9D181D871}.Release|Any CPU.ActiveCfg = Release|Any CPU
		{7A78D909-08AF-752B-426A-CCB9D181D871}.Release|Any CPU.Build.0 = Release|Any CPU
		{CD3A2B22-9B4E-EC1C-5E46-B0561C47265F}.Debug|Any CPU.ActiveCfg = Debug|Any CPU
		{CD3A2B22-9B4E-EC1C-5E46-B0561C47265F}.Debug|Any CPU.Build.0 = Debug|Any CPU
		{CD3A2B22-9B4E-EC1C-5E46-B0561C47265F}.Release|Any CPU.ActiveCfg = Release|Any CPU
		{CD3A2B22-9B4E-EC1C-5E46-B0561C47265F}.Release|Any CPU.Build.0 = Release|Any CPU
	EndGlobalSection
	GlobalSection(SolutionProperties) = preSolution
		HideSolutionNode = FALSE
	EndGlobalSection
EndGlobal
